{
  "nodes": {
    "arkenfox-userjs": {
      "flake": false,
      "locked": {
        "lastModified": 1778605135,
        "narHash": "sha256-+76DopMmUBZ5wJi2/BMCjC/nY2C8vXypX8JmBYEDycc=",
        "owner": "arkenfox",
        "repo": "user.js",
        "rev": "8fe9905c35a1025d1e6df69479f7625585fd956d",
        "type": "github"
      },
      "original": {
        "owner": "arkenfox",
        "repo": "user.js",
        "type": "github"
      }
    },
    "asus-px-keyboard-tool": {
      "inputs": {
        "nixpkgs": "nixpkgs"
      },
      "locked": {
        "lastModified": 1757429398,
        "narHash": "sha256-9KMo5lliZlwS21ZEmQdusrYKPeEr42VU8WCzgWWHngA=",
        "owner": "a-chaudhari",
        "repo": "asus-px-keyboard-tool",
        "rev": "4766393c4d08e580a40f714211bf56bc4db0f6bf",
        "type": "github"
      },
      "original": {
        "owner": "a-chaudhari",
        "repo": "asus-px-keyboard-tool",
        "type": "github"
      }
    },
    "copyparty": {
      "inputs": {
        "flake-utils": "flake-utils",
        "nixpkgs": [
          "nixpkgs-stable"
        ]
      },
      "locked": {
        "lastModified": 1784233955,
        "narHash": "sha256-G8SFhPrB1PwVpIFo/D9gpMX++dRIubGV2dckFudKF+s=",
        "owner": "9001",
        "repo": "copyparty",
        "rev": "6a9437b77c6fcd8f6f28fc016727e958b3eb6f0e",
        "type": "github"
      },
      "original": {
        "owner": "9001",
        "repo": "copyparty",
        "type": "github"
      }
    },
    "cosmic-manager": {
      "inputs": {
        "flake-parts": "flake-parts",
        "home-manager": [
          "home-manager"
        ],
        "nixpkgs": [
          "nixpkgs"
        ]
      },
      "locked": {
        "lastModified": 1780178896,
        "narHash": "sha256-98aHwiGZcvb0VJUGE+lCS/zuGdFAlNvm8keIimuLOK0=",
        "owner": "HeitorAugustoLN",
        "repo": "cosmic-manager",
        "rev": "1630bbf792a95baffbd3169885580cd53a7027d8",
        "type": "github"
      },
      "original": {
        "owner": "HeitorAugustoLN",
        "repo": "cosmic-manager",
        "type": "github"
      }
    },
    "creamlinux-installer": {
      "flake": false,
      "locked": {
        "lastModified": 1783846734,
        "narHash": "sha256-sV23mp0XnJHf4oSqqvFLFfvSkssHzxafqYMNw3HGEdg=",
        "owner": "Novattz",
        "repo": "creamlinux-installer",
        "rev": "7c16b63b41f984a1f480fa14ce78da4cc4869a66",
        "type": "github"
      },
      "original": {
        "owner": "Novattz",
        "repo": "creamlinux-installer",
        "rev": "7c16b63b41f984a1f480fa14ce78da4cc4869a66",
        "type": "github"
      }
    },
    "dank-qml-common": {
      "flake": false,
      "locked": {
        "lastModified": 1784074596,
        "narHash": "sha256-/rCqHgC39mHvBDxb/dZLWCQ3W4ev94y3/1KtCRSPDp8=",
        "owner": "AvengeMedia",
        "repo": "dank-qml-common",
        "rev": "b50afcf549f7e9c8f07c85b7f3fbba867701650d",
        "type": "github"
      },
      "original": {
        "owner": "AvengeMedia",
        "repo": "dank-qml-common",
        "type": "github"
      }
    },
    "dankcalendar": {
      "inputs": {
        "dank-qml-common": "dank-qml-common",
        "nixpkgs": [
          "nixpkgs"
        ]
      },
      "locked": {
        "lastModified": 1784127511,
        "narHash": "sha256-YbEVHaJ+7G5XjPpAtBRe+2snlvbEvWr9X+4zHDsYIAE=",
        "owner": "AvengeMedia",
        "repo": "dankcalendar",
        "rev": "1af50b3b6db80a488a151790e2d280149aa24d18",
        "type": "github"
      },
      "original": {
        "owner": "AvengeMedia",
        "repo": "dankcalendar",
        "type": "github"
      }
    },
    "danksearch": {
      "inputs": {
        "nixpkgs": [
          "nixpkgs"
        ]
      },
      "locked": {
        "lastModified": 1782736090,
        "narHash": "sha256-TnoKATODjWk4e1w3VhRYLWGMdXMJzDyvQF8mtD6WRGA=",
        "owner": "AvengeMedia",
        "repo": "danksearch",
        "rev": "1269b4688cc94cbd271e1cbbf19a6e7caa2293de",
        "type": "github"
      },
      "original": {
        "owner": "AvengeMedia",
        "repo": "danksearch",
        "type": "github"
      }
    },
    "determinate": {
      "inputs": {
        "determinate-nixd-aarch64-darwin": "determinate-nixd-aarch64-darwin",
        "determinate-nixd-aarch64-linux": "determinate-nixd-aarch64-linux",
        "determinate-nixd-x86_64-linux": "determinate-nixd-x86_64-linux",
        "nix": "nix",
        "nixpkgs": "nixpkgs_3"
      },
      "locked": {
        "lastModified": 1784134975,
        "narHash": "sha256-OPK60XYJEwUmnI5eeF2sCJBJzm0JWt+tzCDHI69yvKU=",
        "rev": "e2a0eb345bf5d9c2ac0d2df26907e0881b99d6a3",
        "revCount": 428,
        "type": "tarball",
        "url": "https://api.flakehub.com/f/pinned/DeterminateSystems/determinate/3.21.7/019f66be-e2c8-7c52-b302-e6083daf3014/source.tar.gz"
      },
      "original": {
        "type": "tarball",
        "url": "https://flakehub.com/f/DeterminateSystems/determinate/%2A"
      }
    },
    "determinate-nixd-aarch64-darwin": {
      "flake": false,
      "locked": {
        "narHash": "sha256-GNBW3JQlaPp5QIvUSZnMfSbPhdEIWI5AQ4wiga/pb14=",
        "type": "file",
        "url": "https://install.determinate.systems/determinate-nixd/tag/v3.21.7/macOS"
      },
      "original": {
        "type": "file",
        "url": "https://install.determinate.systems/determinate-nixd/tag/v3.21.7/macOS"
      }
    },
    "determinate-nixd-aarch64-linux": {
      "flake": false,
      "locked": {
        "narHash": "sha256-/lYx8SGAuuNw0V1nlhyuRym3tkZAH+Oj1/CUdzgz0+s=",
        "type": "file",
        "url": "https://install.determinate.systems/determinate-nixd/tag/v3.21.7/aarch64-linux"
      },
      "original": {
        "type": "file",
        "url": "https://install.determinate.systems/determinate-nixd/tag/v3.21.7/aarch64-linux"
      }
    },
    "determinate-nixd-x86_64-linux": {
      "flake": false,
      "locked": {
        "narHash": "sha256-3JrcXRdrFvWsll/cnPLxSjrud5z6iRpxWGv1f44Tfkg=",
        "type": "file",
        "url": "https://install.determinate.systems/determinate-nixd/tag/v3.21.7/x86_64-linux"
      },
      "original": {
        "type": "file",
        "url": "https://install.determinate.systems/determinate-nixd/tag/v3.21.7/x86_64-linux"
      }
    },
    "disko": {
      "inputs": {
        "nixpkgs": [
          "nixpkgs"
        ]
      },
      "locked": {
        "lastModified": 1781152676,
        "narHash": "sha256-RxWs5ND31KzTG7wvMM+PMfUjyNpmIEr999lqNARaM5o=",
        "owner": "nix-community",
        "repo": "disko",
        "rev": "ff8702b4de27f72b4c78573dfb89ec74e36abdf1",
        "type": "github"
      },
      "original": {
        "owner": "nix-community",
        "repo": "disko",
        "type": "github"
      }
    },
    "dms": {
      "inputs": {
        "flake-compat": "flake-compat_2",
        "nixpkgs": [
          "nixpkgs"
        ]
      },
      "locked": {
        "lastModified": 1784262375,
        "narHash": "sha256-fowfj2+JsjGRplGIXoLO5+T2+t0Arv0qeDnq0UGgFtI=",
        "owner": "AvengeMedia",
        "repo": "DankMaterialShell",
        "rev": "ed44d02202006d15e891261201d17f9d7f57c6ac",
        "type": "github"
      },
      "original": {
        "owner": "AvengeMedia",
        "repo": "DankMaterialShell",
        "type": "github"
      }
    },
    "dream2nix": {
      "inputs": {
        "nixpkgs": [
          "open-design",
          "nixpkgs"
        ],
        "purescript-overlay": "purescript-overlay",
        "pyproject-nix": "pyproject-nix"
      },
      "locked": {
        "lastModified": 1765953015,
        "narHash": "sha256-5FBZbbWR1Csp3Y2icfRkxMJw/a/5FGg8hCXej2//bbI=",
        "owner": "nix-community",
        "repo": "dream2nix",
        "rev": "69eb01fa0995e1e90add49d8ca5bcba213b0416f",
        "type": "github"
      },
      "original": {
        "owner": "nix-community",
        "repo": "dream2nix",
        "type": "github"
      }
    },
    "firefox-addons": {
      "inputs": {
        "nixpkgs": [
          "nixpkgs"
        ]
      },
      "locked": {
        "dir": "pkgs/firefox-addons",
        "lastModified": 1784260973,
        "narHash": "sha256-IMXGG7aDpVutpujfNZncXcmW3x6ghuplk9+a+NUacBg=",
        "owner": "rycee",
        "repo": "nur-expressions",
        "rev": "2e2eb0656979f276904506839505f3d8fc2cdba0",
        "type": "gitlab"
      },
      "original": {
        "dir": "pkgs/firefox-addons",
        "owner": "rycee",
        "repo": "nur-expressions",
        "type": "gitlab"
      }
    },
    "flake-compat": {
      "flake": false,
      "locked": {
        "lastModified": 1696426674,
        "narHash": "sha256-kvjfFW7WAETZlt09AgDn1MrtKzP7t90Vf7vypd3OL1U=",
        "owner": "edolstra",
        "repo": "flake-compat",
        "rev": "0f9255e01c2351cc7d116c072cb317785dd33b33",
        "type": "github"
      },
      "original": {
        "owner": "edolstra",
        "repo": "flake-compat",
        "type": "github"
      }
    },
    "flake-compat_2": {
      "flake": false,
      "locked": {
        "lastModified": 1767039857,
        "narHash": "sha256-vNpUSpF5Nuw8xvDLj2KCwwksIbjua2LZCqhV1LNRDns=",
        "owner": "NixOS",
        "repo": "flake-compat",
        "rev": "5edf11c44bc78a0d334f6334cdaf7d60d732daab",
        "type": "github"
      },
      "original": {
        "owner": "NixOS",
        "repo": "flake-compat",
        "type": "github"
      }
    },
    "flake-compat_3": {
      "flake": false,
      "locked": {
        "lastModified": 1696426674,
        "narHash": "sha256-kvjfFW7WAETZlt09AgDn1MrtKzP7t90Vf7vypd3OL1U=",
        "owner": "edolstra",
        "repo": "flake-compat",
        "rev": "0f9255e01c2351cc7d116c072cb317785dd33b33",
        "type": "github"
      },
      "original": {
        "owner": "edolstra",
        "repo": "flake-compat",
        "type": "github"
      }
    },
    "flake-compat_4": {
      "flake": false,
      "locked": {
        "lastModified": 1767039857,
        "narHash": "sha256-vNpUSpF5Nuw8xvDLj2KCwwksIbjua2LZCqhV1LNRDns=",
        "owner": "NixOS",
        "repo": "flake-compat",
        "rev": "5edf11c44bc78a0d334f6334cdaf7d60d732daab",
        "type": "github"
      },
      "original": {
        "owner": "NixOS",
        "repo": "flake-compat",
        "type": "github"
      }
    },
    "flake-parts": {
      "inputs": {
        "nixpkgs-lib": [
          "cosmic-manager",
          "nixpkgs"
        ]
      },
      "locked": {
        "lastModified": 1759362264,
        "narHash": "sha256-wfG0S7pltlYyZTM+qqlhJ7GMw2fTF4mLKCIVhLii/4M=",
        "owner": "hercules-ci",
        "repo": "flake-parts",
        "rev": "758cf7296bee11f1706a574c77d072b8a7baa881",
        "type": "github"
      },
      "original": {
        "owner": "hercules-ci",
        "repo": "flake-parts",
        "type": "github"
      }
    },
    "flake-parts_2": {
      "inputs": {
        "nixpkgs-lib": [
          "determinate",
          "nix",
          "nixpkgs"
        ]
      },
      "locked": {
        "lastModified": 1748821116,
        "narHash": "sha256-F82+gS044J1APL0n4hH50GYdPRv/5JWm34oCJYmVKdE=",
        "rev": "49f0870db23e8c1ca0b5259734a02cd9e1e371a1",
        "revCount": 377,
        "type": "tarball",
        "url": "https://api.flakehub.com/f/pinned/hercules-ci/flake-parts/0.1.377%2Brev-49f0870db23e8c1ca0b5259734a02cd9e1e371a1/01972f28-554a-73f8-91f4-d488cc502f08/source.tar.gz"
      },
      "original": {
        "type": "tarball",
        "url": "https://flakehub.com/f/hercules-ci/flake-parts/0.1"
      }
    },
    "flake-utils": {
      "locked": {
        "lastModified": 1678901627,
        "narHash": "sha256-U02riOqrKKzwjsxc/400XnElV+UtPUQWpANPlyazjH0=",
        "owner": "numtide",
        "repo": "flake-utils",
        "rev": "93a2b84fc4b70d9e089d029deacc3583435c2ed6",
        "type": "github"
      },
      "original": {
        "owner": "numtide",
        "repo": "flake-utils",
        "type": "github"
      }
    },
    "flake-utils_2": {
      "inputs": {
        "systems": "systems"
      },
      "locked": {
        "lastModified": 1731533236,
        "narHash": "sha256-l0KFg5HjrsfsO/JpG+r7fRrqm12kzFHyUHqHCVpMMbI=",
        "owner": "numtide",
        "repo": "flake-utils",
        "rev": "11707dc2f618dd54ca8739b309ec4fc024de578b",
        "type": "github"
      },
      "original": {
        "owner": "numtide",
        "repo": "flake-utils",
        "type": "github"
      }
    },
    "flake-utils_3": {
      "inputs": {
        "systems": "systems_2"
      },
      "locked": {
        "lastModified": 1731533236,
        "narHash": "sha256-l0KFg5HjrsfsO/JpG+r7fRrqm12kzFHyUHqHCVpMMbI=",
        "owner": "numtide",
        "repo": "flake-utils",
        "rev": "11707dc2f618dd54ca8739b309ec4fc024de578b",
        "type": "github"
      },
      "original": {
        "owner": "numtide",
        "repo": "flake-utils",
        "type": "github"
      }
    },
    "flake-utils_4": {
      "inputs": {
        "systems": "systems_3"
      },
      "locked": {
        "lastModified": 1731533236,
        "narHash": "sha256-l0KFg5HjrsfsO/JpG+r7fRrqm12kzFHyUHqHCVpMMbI=",
        "owner": "numtide",
        "repo": "flake-utils",
        "rev": "11707dc2f618dd54ca8739b309ec4fc024de578b",
        "type": "github"
      },
      "original": {
        "owner": "numtide",
        "repo": "flake-utils",
        "type": "github"
      }
    },
    "git-hooks-nix": {
      "inputs": {
        "flake-compat": "flake-compat",
        "gitignore": [
          "determinate",
          "nix"
        ],
        "nixpkgs": [
          "determinate",
          "nix",
          "nixpkgs"
        ]
      },
      "locked": {
        "lastModified": 1747372754,
        "narHash": "sha256-2Y53NGIX2vxfie1rOW0Qb86vjRZ7ngizoo+bnXU9D9k=",
        "rev": "80479b6ec16fefd9c1db3ea13aeb038c60530f46",
        "revCount": 1026,
        "type": "tarball",
        "url": "https://api.flakehub.com/f/pinned/cachix/git-hooks.nix/0.1.1026%2Brev-80479b6ec16fefd9c1db3ea13aeb038c60530f46/0196d79a-1b35-7b8e-a021-c894fb62163d/source.tar.gz"
      },
      "original": {
        "type": "tarball",
        "url": "https://flakehub.com/f/cachix/git-hooks.nix/0.1.941"
      }
    },
    "home-manager": {
      "inputs": {
        "nixpkgs": [
          "nixpkgs"
        ]
      },
      "locked": {
        "lastModified": 1784129366,
        "narHash": "sha256-N5JiyICSeQF14x+OQebNyPpYowOT9Rs1iKyeCylSzOA=",
        "owner": "nix-community",
        "repo": "home-manager",
        "rev": "165228b0efefc3e635e5174020c40ea64271dc25",
        "type": "github"
      },
      "original": {
        "owner": "nix-community",
        "repo": "home-manager",
        "type": "github"
      }
    },
    "home-manager-stable": {
      "inputs": {
        "nixpkgs": [
          "nixpkgs-stable"
        ]
      },
      "locked": {
        "lastModified": 1783740085,
        "narHash": "sha256-qajyHfZY29G2oEQk+uHxmsJcRoBUBXP9maTpFlwP/dI=",
        "owner": "nix-community",
        "repo": "home-manager",
        "rev": "3cd22efe6471dc7365c822bd9ad73a21e55f38fb",
        "type": "github"
      },
      "original": {
        "owner": "nix-community",
        "ref": "release-26.05",
        "repo": "home-manager",
        "type": "github"
      }
    },
    "home-manager_2": {
      "inputs": {
        "nixpkgs": [
          "open-design",
          "nixpkgs"
        ]
      },
      "locked": {
        "lastModified": 1777679572,
        "narHash": "sha256-egYNbRrkn+6SwTHinhdb6WUfzzdC3nXfCRqS321VylY=",
        "owner": "nix-community",
        "repo": "home-manager",
        "rev": "9cb587ade2aa1b4a7257f0238d41072690b0ca4f",
        "type": "github"
      },
      "original": {
        "owner": "nix-community",
        "repo": "home-manager",
        "type": "github"
      }
    },
    "mkdocs-catppuccin": {
      "flake": false,
      "locked": {
        "lastModified": 1767028711,
        "narHash": "sha256-YVIZAtQT2B4Xs2sBaszvyyukm+1klCJdRpsc/BYV1gw=",
        "owner": "ruslanlap",
        "repo": "mkdocs-catppuccin",
        "rev": "fd8ac6106b5b6d32922cd80cbc3d221622a17408",
        "type": "github"
      },
      "original": {
        "owner": "ruslanlap",
        "repo": "mkdocs-catppuccin",
        "type": "github"
      }
    },
    "niri": {
      "inputs": {
        "niri-stable": "niri-stable",
        "niri-unstable": "niri-unstable",
        "nixpkgs": [
          "nixpkgs"
        ],
        "nixpkgs-stable": "nixpkgs-stable",
        "xwayland-satellite-stable": "xwayland-satellite-stable",
        "xwayland-satellite-unstable": "xwayland-satellite-unstable"
      },
      "locked": {
        "lastModified": 1784189744,
        "narHash": "sha256-D8oh9imibOynWAOUnvgG3w2EKDYqf8OTTaLCcTA4ePg=",
        "owner": "sodiboo",
        "repo": "niri-flake",
        "rev": "f4b479398c967d2c8d5a38b6d2c87283ae5078c4",
        "type": "github"
      },
      "original": {
        "owner": "sodiboo",
        "repo": "niri-flake",
        "type": "github"
      }
    },
    "niri-float-sticky": {
      "inputs": {
        "flake-utils": "flake-utils_2",
        "nixpkgs": [
          "nixpkgs"
        ]
      },
      "locked": {
        "lastModified": 1778574608,
        "narHash": "sha256-786xACvNk6ZE6l40gQ7wRsgqGp64Z4MseMX7gzMMNtg=",
        "owner": "probeldev",
        "repo": "niri-float-sticky",
        "rev": "b4805593eda05fc61e4cb88cfced9dd39913216e",
        "type": "github"
      },
      "original": {
        "owner": "probeldev",
        "repo": "niri-float-sticky",
        "type": "github"
      }
    },
    "niri-stable": {
      "flake": false,
      "locked": {
        "lastModified": 1756556321,
        "narHash": "sha256-RLD89dfjN0RVO86C/Mot0T7aduCygPGaYbog566F0Qo=",
        "owner": "YaLTeR",
        "repo": "niri",
        "rev": "01be0e65f4eb91a9cd624ac0b76aaeab765c7294",
        "type": "github"
      },
      "original": {
        "owner": "YaLTeR",
        "ref": "v25.08",
        "repo": "niri",
        "type": "github"
      }
    },
    "niri-unstable": {
      "flake": false,
      "locked": {
        "lastModified": 1783522755,
        "narHash": "sha256-dI0HkX1djETia7cD/Y64h8BNIsSOfTRMzfNum2J6UhE=",
        "owner": "YaLTeR",
        "repo": "niri",
        "rev": "0777769e719b7c9b7c980d4ea66288bfbb4da5b3",
        "type": "github"
      },
      "original": {
        "owner": "YaLTeR",
        "repo": "niri",
        "type": "github"
      }
    },
    "nix": {
      "inputs": {
        "flake-parts": "flake-parts_2",
        "git-hooks-nix": "git-hooks-nix",
        "nixpkgs": "nixpkgs_2",
        "nixpkgs-23-11": "nixpkgs-23-11",
        "nixpkgs-regression": "nixpkgs-regression"
      },
      "locked": {
        "lastModified": 1784130988,
        "narHash": "sha256-2/DfNkCVKAv/Zbj7bW+8+aH39Ybc5DE3OEUZCEzzqc4=",
        "rev": "469a08e76a130e51b7a9f5df1fcc48b7d4d4cd42",
        "revCount": 26267,
        "type": "tarball",
        "url": "https://api.flakehub.com/f/pinned/DeterminateSystems/nix-src/3.21.7/019f66b5-938d-7930-9213-03e0658b3403/source.tar.gz"
      },
      "original": {
        "type": "tarball",
        "url": "https://flakehub.com/f/DeterminateSystems/nix-src/%2A"
      }
    },
    "nix-index-database": {
      "inputs": {
        "nixpkgs": [
          "nixpkgs"
        ]
      },
      "locked": {
        "lastModified": 1783864904,
        "narHash": "sha256-BQxN5UMg9FOevAsgBRwPxfxlh51Puj+dNn/8Dsi3sPM=",
        "owner": "nix-community",
        "repo": "nix-index-database",
        "rev": "1111b9bc836afb7e31a7014e8d1272de9b1c917d",
        "type": "github"
      },
      "original": {
        "owner": "nix-community",
        "repo": "nix-index-database",
        "type": "github"
      }
    },
    "nix-pi-agent": {
      "inputs": {
        "flake-utils": "flake-utils_4",
        "nixpkgs": "nixpkgs_8"
      },
      "locked": {
        "lastModified": 1783645360,
        "narHash": "sha256-BcqVybzTuuPcmXVW1XexVyFi9Cv0xEqfge5kFBb/I2w=",
        "owner": "rbright",
        "repo": "nix-pi-agent",
        "rev": "82c1ff403554c3037f4f919d9aae8e053ef1118f",
        "type": "github"
      },
      "original": {
        "owner": "rbright",
        "repo": "nix-pi-agent",
        "type": "github"
      }
    },
    "nixCats": {
      "inputs": {
        "nixpkgs": "nixpkgs_4",
        "plugins-auto-dark-mode-nvim": "plugins-auto-dark-mode-nvim",
        "plugins-lze": "plugins-lze",
        "plugins-lzextras": "plugins-lzextras",
        "plugins-markdown-plus-nvim": "plugins-markdown-plus-nvim",
        "wrappers": "wrappers"
      },
      "locked": {
        "lastModified": 1783066652,
        "narHash": "sha256-/52pHcI3fbBO45m5Y3Ydi+LTEwqw5kGzUlLBHqbpX3g=",
        "owner": "Hier0nim",
        "repo": "nvim",
        "rev": "7c86a50ce38f6c9678a33c1d539d58a5abb4dbc7",
        "type": "github"
      },
      "original": {
        "owner": "Hier0nim",
        "repo": "nvim",
        "type": "github"
      }
    },
    "nixflix": {
      "inputs": {
        "mkdocs-catppuccin": "mkdocs-catppuccin",
        "nixpkgs": [
          "nixpkgs-stable"
        ],
        "treefmt-nix": "treefmt-nix",
        "vpn-confinement": "vpn-confinement"
      },
      "locked": {
        "lastModified": 1783006321,
        "narHash": "sha256-JbzDiK4lQ+Wt7cAC3rhaG+PBnv5OHVMMHgGKUoxWjaA=",
        "owner": "kiriwalawren",
        "repo": "nixflix",
        "rev": "2aa1d080f760584d1205575f730525349f5c38cb",
        "type": "github"
      },
      "original": {
        "owner": "kiriwalawren",
        "repo": "nixflix",
        "rev": "2aa1d080f760584d1205575f730525349f5c38cb",
        "type": "github"
      }
    },
    "nixos-hardware": {
      "inputs": {
        "nixpkgs": "nixpkgs_5"
      },
      "locked": {
        "lastModified": 1784100666,
        "narHash": "sha256-HF/mrw5NYQfKFZgkfV2h1UL5/E3ccfsE2XJ1AbbLLJ0=",
        "owner": "nixos",
        "repo": "nixos-hardware",
        "rev": "fccfa9031a85b78a437f2f153c1f6449f3bc3185",
        "type": "github"
      },
      "original": {
        "owner": "nixos",
        "repo": "nixos-hardware",
        "type": "github"
      }
    },
    "nixpkgs": {
      "locked": {
        "lastModified": 1757034884,
        "narHash": "sha256-PgLSZDBEWUHpfTRfFyklmiiLBE1i1aGCtz4eRA3POao=",
        "owner": "NixOS",
        "repo": "nixpkgs",
        "rev": "ca77296380960cd497a765102eeb1356eb80fed0",
        "type": "github"
      },
      "original": {
        "owner": "NixOS",
        "ref": "nixpkgs-unstable",
        "repo": "nixpkgs",
        "type": "github"
      }
    },
    "nixpkgs-23-11": {
      "locked": {
        "lastModified": 1717159533,
        "narHash": "sha256-oamiKNfr2MS6yH64rUn99mIZjc45nGJlj9eGth/3Xuw=",
        "owner": "NixOS",
        "repo": "nixpkgs",
        "rev": "a62e6edd6d5e1fa0329b8653c801147986f8d446",
        "type": "github"
      },
      "original": {
        "owner": "NixOS",
        "repo": "nixpkgs",
        "rev": "a62e6edd6d5e1fa0329b8653c801147986f8d446",
        "type": "github"
      }
    },
    "nixpkgs-regression": {
      "locked": {
        "lastModified": 1643052045,
        "narHash": "sha256-uGJ0VXIhWKGXxkeNnq4TvV3CIOkUJ3PAoLZ3HMzNVMw=",
        "owner": "NixOS",
        "repo": "nixpkgs",
        "rev": "215d4d0fd80ca5163643b03a33fde804a29cc1e2",
        "type": "github"
      },
      "original": {
        "owner": "NixOS",
        "repo": "nixpkgs",
        "rev": "215d4d0fd80ca5163643b03a33fde804a29cc1e2",
        "type": "github"
      }
    },
    "nixpkgs-stable": {
      "locked": {
        "lastModified": 1782847189,
        "narHash": "sha256-twXPFqFsrrY5r28Zh7Homgcp2gUMBgQ6WDS98Q/3xFI=",
        "owner": "NixOS",
        "repo": "nixpkgs",
        "rev": "b6018f87da91d19d0ab4cf979885689b469cdd41",
        "type": "github"
      },
      "original": {
        "owner": "NixOS",
        "ref": "nixos-25.11",
        "repo": "nixpkgs",
        "type": "github"
      }
    },
    "nixpkgs-stable_2": {
      "locked": {
        "lastModified": 1784160687,
        "narHash": "sha256-iYL/bixrb6FlHFu/gIuBYzq6c6lM5AAXsXNSWXtIgQc=",
        "owner": "NixOS",
        "repo": "nixpkgs",
        "rev": "4382ed2b7a6839d4280a9b386db49cbc5907414d",
        "type": "github"
      },
      "original": {
        "owner": "NixOS",
        "ref": "nixos-26.05",
        "repo": "nixpkgs",
        "type": "github"
      }
    },
    "nixpkgs_2": {
      "locked": {
        "lastModified": 1782767157,
        "narHash": "sha256-db/8NgfehQlPNt8rMY0J1gvwzTaURU/foM7y/AQimIM=",
        "rev": "1d4e0f865d68258aada31e68e6d79c8c463f3b34",
        "revCount": 914302,
        "type": "tarball",
        "url": "https://api.flakehub.com/f/pinned/NixOS/nixpkgs/0.2511.914302%2Brev-1d4e0f865d68258aada31e68e6d79c8c463f3b34/019f1c78-b5ab-7af2-8516-c0d5406b0646/source.tar.gz"
      },
      "original": {
        "type": "tarball",
        "url": "https://flakehub.com/f/NixOS/nixpkgs/0.2511"
      }
    },
    "nixpkgs_3": {
      "locked": {
        "lastModified": 1783224372,
        "narHash": "sha256-8i/87eeoqiGE4yOTjwSA3Eh/ziJRQEmd/unYU+K27sk=",
        "rev": "d407951447dcd00442e97087bf374aad70c04cea",
        "revCount": 1027867,
        "type": "tarball",
        "url": "https://api.flakehub.com/f/pinned/DeterminateSystems/nixpkgs-weekly/0.1.1027867%2Brev-d407951447dcd00442e97087bf374aad70c04cea/019f5f44-877c-7d13-9197-5add91357247/source.tar.gz"
      },
      "original": {
        "type": "tarball",
        "url": "https://flakehub.com/f/DeterminateSystems/nixpkgs-weekly/0.1"
      }
    },
    "nixpkgs_4": {
      "locked": {
        "lastModified": 1779593580,
        "narHash": "sha256-le3WvQyzAQjBZnb7q2c8C5Fk2c9LgN/Oq+b0KiD4fM4=",
        "owner": "NixOS",
        "repo": "nixpkgs",
        "rev": "d849bb215dcdf71bce3e686839ccdb4219e84b2f",
        "type": "github"
      },
      "original": {
        "owner": "NixOS",
        "ref": "nixpkgs-unstable",
        "repo": "nixpkgs",
        "type": "github"
      }
    },
    "nixpkgs_5": {
      "locked": {
        "lastModified": 1767892417,
        "narHash": "sha256-8bW3q88CEg2u4hSP66Vf4lpbLonHz7hqDNBMcCY7E9U=",
        "rev": "3497aa5c9457a9d88d71fa93a4a8368816fbeeba",
        "type": "tarball",
        "url": "https://releases.nixos.org/nixos/unstable/nixos-26.05pre924538.3497aa5c9457/nixexprs.tar.xz"
      },
      "original": {
        "type": "tarball",
        "url": "https://channels.nixos.org/nixos-unstable/nixexprs.tar.xz"
      }
    },
    "nixpkgs_6": {
      "locked": {
        "lastModified": 1784120854,
        "narHash": "sha256-KesHgItiZPgGX740axSiQLcIQ8D24MDqNpkKYWIek8k=",
        "owner": "NixOS",
        "repo": "nixpkgs",
        "rev": "753cc8a3a87467296ddd1fa93f0cc3e81120ee46",
        "type": "github"
      },
      "original": {
        "owner": "NixOS",
        "ref": "nixos-unstable",
        "repo": "nixpkgs",
        "type": "github"
      }
    },
    "nixpkgs_7": {
      "locked": {
        "lastModified": 1777268161,
        "narHash": "sha256-bxrdOn8SCOv8tN4JbTF/TXq7kjo9ag4M+C8yzzIRYbE=",
        "owner": "NixOS",
        "repo": "nixpkgs",
        "rev": "1c3fe55ad329cbcb28471bb30f05c9827f724c76",
        "type": "github"
      },
      "original": {
        "owner": "NixOS",
        "ref": "nixos-unstable",
        "repo": "nixpkgs",
        "type": "github"
      }
    },
    "nixpkgs_8": {
      "locked": {
        "lastModified": 1771008912,
        "narHash": "sha256-gf2AmWVTs8lEq7z/3ZAsgnZDhWIckkb+ZnAo5RzSxJg=",
        "owner": "NixOS",
        "repo": "nixpkgs",
        "rev": "a82ccc39b39b621151d6732718e3e250109076fa",
        "type": "github"
      },
      "original": {
        "owner": "NixOS",
        "ref": "nixos-unstable",
        "repo": "nixpkgs",
        "type": "github"
      }
    },
    "nixpkgs_9": {
      "locked": {
        "lastModified": 1783776592,
        "narHash": "sha256-+GVwKnbbSmf4cWMJyRzvw8H5yFknmkLoPD5v6snqPzo=",
        "rev": "e7a3ca8092b61ff85b6a45bf863ea2b2d6a661b3",
        "type": "tarball",
        "url": "https://releases.nixos.org/nixos/unstable/nixos-26.11pre1032869.e7a3ca8092b6/nixexprs.tar.xz"
      },
      "original": {
        "type": "tarball",
        "url": "https://channels.nixos.org/nixos-unstable/nixexprs.tar.xz"
      }
    },
    "open-design": {
      "inputs": {
        "dream2nix": "dream2nix",
        "flake-utils": "flake-utils_3",
        "home-manager": "home-manager_2",
        "nixpkgs": "nixpkgs_7"
      },
      "locked": {
        "lastModified": 1782736923,
        "narHash": "sha256-TTv7Ny+Puzo0zTSo+ijufU+AMimSlKwf3mFLudyqvF0=",
        "owner": "nexu-io",
        "repo": "open-design",
        "rev": "d64695937efd2c4f8ff8f07c11e5a7030e32c39a",
        "type": "github"
      },
      "original": {
        "owner": "nexu-io",
        "repo": "open-design",
        "rev": "d64695937efd2c4f8ff8f07c11e5a7030e32c39a",
        "type": "github"
      }
    },
    "pi-config": {
      "inputs": {
        "nix-pi-agent": "nix-pi-agent"
      },
      "locked": {
        "lastModified": 1784362828,
        "narHash": "sha256-PHaTuAOqh+wW9xAb8WimvkNoSlI2N76OtSm+92yC414=",
        "ref": "refs/heads/main",
        "rev": "8a5e2d84c8693e74a55e1023344da9d3308d3a8b",
        "revCount": 78,
        "type": "git",
        "url": "ssh://git@github.com/Hier0nim/dot_pi.git"
      },
      "original": {
        "type": "git",
        "url": "ssh://git@github.com/Hier0nim/dot_pi.git"
      }
    },
    "plugins-auto-dark-mode-nvim": {
      "flake": false,
      "locked": {
        "lastModified": 1774803352,
        "narHash": "sha256-xTgRyct3L6Gcz/vdYSc+h2IUgi/+Lh1Q4mxJwHISeis=",
        "owner": "f-person",
        "repo": "auto-dark-mode.nvim",
        "rev": "54058b4fe414bd64bd2904a6f8a63f1f14e3d8df",
        "type": "github"
      },
      "original": {
        "owner": "f-person",
        "repo": "auto-dark-mode.nvim",
        "type": "github"
      }
    },
    "plugins-lze": {
      "flake": false,
      "locked": {
        "lastModified": 1779072938,
        "narHash": "sha256-u51pEVISr/jthElqorjttpfK/V3/iDQmter5Upnt0XU=",
        "owner": "BirdeeHub",
        "repo": "lze",
        "rev": "1779386ec281b6c7fe7a5d3d501656ec345e9e37",
        "type": "github"
      },
      "original": {
        "owner": "BirdeeHub",
        "repo": "lze",
        "type": "github"
      }
    },
    "plugins-lzextras": {
      "flake": false,
      "locked": {
        "lastModified": 1779149362,
        "narHash": "sha256-neZA450ZP5nqaqp/uhQIEVVYBnYkvo0cBcC93F3D+Co=",
        "owner": "BirdeeHub",
        "repo": "lzextras",
        "rev": "138a1a08a8585520f3425a0e03390a534a376fdd",
        "type": "github"
      },
      "original": {
        "owner": "BirdeeHub",
        "repo": "lzextras",
        "type": "github"
      }
    },
    "plugins-markdown-plus-nvim": {
      "flake": false,
      "locked": {
        "lastModified": 1779688956,
        "narHash": "sha256-yHRFsjJfwbmFEVWbhxQ/Jmh4LpSP10hQeTsbXYKK4Fg=",
        "owner": "YousefHadder",
        "repo": "markdown-plus.nvim",
        "rev": "54550db5a4b722f7c597828b8fa8f16945cf1b75",
        "type": "github"
      },
      "original": {
        "owner": "YousefHadder",
        "repo": "markdown-plus.nvim",
        "type": "github"
      }
    },
    "pre-commit-hooks": {
      "inputs": {
        "flake-compat": "flake-compat_4",
        "nixpkgs": [
          "nixpkgs"
        ]
      },
      "locked": {
        "lastModified": 1784288435,
        "narHash": "sha256-ReRHaLgr/uVqdD8afFSn+myXIfpHeOhP0yYe0TJqAA8=",
        "owner": "cachix",
        "repo": "git-hooks.nix",
        "rev": "43b3c1ab9d40fb1dbb008f451988a91e375825e9",
        "type": "github"
      },
      "original": {
        "owner": "cachix",
        "repo": "git-hooks.nix",
        "type": "github"
      }
    },
    "purescript-overlay": {
      "inputs": {
        "flake-compat": "flake-compat_3",
        "nixpkgs": [
          "open-design",
          "dream2nix",
          "nixpkgs"
        ],
        "slimlock": "slimlock"
      },
      "locked": {
        "lastModified": 1728546539,
        "narHash": "sha256-Sws7w0tlnjD+Bjck1nv29NjC5DbL6nH5auL9Ex9Iz2A=",
        "owner": "thomashoneyman",
        "repo": "purescript-overlay",
        "rev": "4ad4c15d07bd899d7346b331f377606631eb0ee4",
        "type": "github"
      },
      "original": {
        "owner": "thomashoneyman",
        "repo": "purescript-overlay",
        "type": "github"
      }
    },
    "pyproject-nix": {
      "inputs": {
        "nixpkgs": [
          "open-design",
          "dream2nix",
          "nixpkgs"
        ]
      },
      "locked": {
        "lastModified": 1763017646,
        "narHash": "sha256-Z+R2lveIp6Skn1VPH3taQIuMhABg1IizJd8oVdmdHsQ=",
        "owner": "pyproject-nix",
        "repo": "pyproject.nix",
        "rev": "47bd6f296502842643078d66128f7b5e5370790c",
        "type": "github"
      },
      "original": {
        "owner": "pyproject-nix",
        "repo": "pyproject.nix",
        "type": "github"
      }
    },
    "root": {
      "inputs": {
        "arkenfox-userjs": "arkenfox-userjs",
        "asus-px-keyboard-tool": "asus-px-keyboard-tool",
        "copyparty": "copyparty",
        "cosmic-manager": "cosmic-manager",
        "creamlinux-installer": "creamlinux-installer",
        "dankcalendar": "dankcalendar",
        "danksearch": "danksearch",
        "determinate": "determinate",
        "disko": "disko",
        "dms": "dms",
        "firefox-addons": "firefox-addons",
        "home-manager": "home-manager",
        "home-manager-stable": "home-manager-stable",
        "niri": "niri",
        "niri-float-sticky": "niri-float-sticky",
        "nix-index-database": "nix-index-database",
        "nixCats": "nixCats",
        "nixflix": "nixflix",
        "nixos-hardware": "nixos-hardware",
        "nixpkgs": "nixpkgs_6",
        "nixpkgs-stable": "nixpkgs-stable_2",
        "open-design": "open-design",
        "pi-config": "pi-config",
        "pre-commit-hooks": "pre-commit-hooks",
        "sops-nix": "sops-nix",
        "spicetify-nix": "spicetify-nix"
      }
    },
    "slimlock": {
      "inputs": {
        "nixpkgs": [
          "open-design",
          "dream2nix",
          "purescript-overlay",
          "nixpkgs"
        ]
      },
      "locked": {
        "lastModified": 1688756706,
        "narHash": "sha256-xzkkMv3neJJJ89zo3o2ojp7nFeaZc2G0fYwNXNJRFlo=",
        "owner": "thomashoneyman",
        "repo": "slimlock",
        "rev": "cf72723f59e2340d24881fd7bf61cb113b4c407c",
        "type": "github"
      },
      "original": {
        "owner": "thomashoneyman",
        "repo": "slimlock",
        "type": "github"
      }
    },
    "sops-nix": {
      "inputs": {
        "nixpkgs": [
          "nixpkgs"
        ]
      },
      "locked": {
        "lastModified": 1783174389,
        "narHash": "sha256-aCWC8ngycU7OdJrU2+Je3qf+1a2ykuBvpPhZT/9tXMc=",
        "owner": "mic92",
        "repo": "sops-nix",
        "rev": "f1406619a3884cd5c47992a70b8b35c9c0fcb4c9",
        "type": "github"
      },
      "original": {
        "owner": "mic92",
        "repo": "sops-nix",
        "type": "github"
      }
    },
    "spicetify-nix": {
      "inputs": {
        "nixpkgs": "nixpkgs_9",
        "systems": "systems_4"
      },
      "locked": {
        "lastModified": 1783838433,
        "narHash": "sha256-Zb8+v76qSPYDlUea1y30YzgdEoDjA97vRmeqfPAqwZs=",
        "owner": "Gerg-L",
        "repo": "spicetify-nix",
        "rev": "c6ab7371e40abd405313af9bddafd5f37cc94f83",
        "type": "github"
      },
      "original": {
        "owner": "Gerg-L",
        "repo": "spicetify-nix",
        "type": "github"
      }
    },
    "systems": {
      "locked": {
        "lastModified": 1681028828,
        "narHash": "sha256-Vy1rq5AaRuLzOxct8nz4T6wlgyUR7zLU309k9mBC768=",
        "owner": "nix-systems",
        "repo": "default",
        "rev": "da67096a3b9bf56a91d16901293e51ba5b49a27e",
        "type": "github"
      },
      "original": {
        "owner": "nix-systems",
        "repo": "default",
        "type": "github"
      }
    },
    "systems_2": {
      "locked": {
        "lastModified": 1681028828,
        "narHash": "sha256-Vy1rq5AaRuLzOxct8nz4T6wlgyUR7zLU309k9mBC768=",
        "owner": "nix-systems",
        "repo": "default",
        "rev": "da67096a3b9bf56a91d16901293e51ba5b49a27e",
        "type": "github"
      },
      "original": {
        "owner": "nix-systems",
        "repo": "default",
        "type": "github"
      }
    },
    "systems_3": {
      "locked": {
        "lastModified": 1681028828,
        "narHash": "sha256-Vy1rq5AaRuLzOxct8nz4T6wlgyUR7zLU309k9mBC768=",
        "owner": "nix-systems",
        "repo": "default",
        "rev": "da67096a3b9bf56a91d16901293e51ba5b49a27e",
        "type": "github"
      },
      "original": {
        "owner": "nix-systems",
        "repo": "default",
        "type": "github"
      }
    },
    "systems_4": {
      "locked": {
        "lastModified": 1681028828,
        "narHash": "sha256-Vy1rq5AaRuLzOxct8nz4T6wlgyUR7zLU309k9mBC768=",
        "owner": "nix-systems",
        "repo": "default",
        "rev": "da67096a3b9bf56a91d16901293e51ba5b49a27e",
        "type": "github"
      },
      "original": {
        "owner": "nix-systems",
        "repo": "default",
        "type": "github"
      }
    },
    "treefmt-nix": {
      "inputs": {
        "nixpkgs": [
          "nixflix",
          "nixpkgs"
        ]
      },
      "locked": {
        "lastModified": 1780220602,
        "narHash": "sha256-eynAfOmbmxJnkp7YewvCEbShNnnYJ9gLLqkzsYtBPeM=",
        "owner": "numtide",
        "repo": "treefmt-nix",
        "rev": "db947814a175b7ca6ded66e21383d938df01c227",
        "type": "github"
      },
      "original": {
        "owner": "numtide",
        "repo": "treefmt-nix",
        "type": "github"
      }
    },
    "vpn-confinement": {
      "locked": {
        "lastModified": 1778182451,
        "narHash": "sha256-Bz3n2THDGf90Z9gMqhH/J492prYH8B6RFRlxv/fPBwc=",
        "owner": "Maroka-chan",
        "repo": "VPN-Confinement",
        "rev": "cf5bfc4c3559f2e783698b1aa23c165072039a7d",
        "type": "github"
      },
      "original": {
        "owner": "Maroka-chan",
        "repo": "VPN-Confinement",
        "type": "github"
      }
    },
    "wrappers": {
      "inputs": {
        "nixpkgs": [
          "nixCats",
          "nixpkgs"
        ]
      },
      "locked": {
        "lastModified": 1779698383,
        "narHash": "sha256-8B0VM13icJClvwK6ILfXHm9c5DuVUb2OZjC2UouFAYA=",
        "owner": "BirdeeHub",
        "repo": "nix-wrapper-modules",
        "rev": "0a1c7485f39141e461380239f804de2bd9f43322",
        "type": "github"
      },
      "original": {
        "owner": "BirdeeHub",
        "repo": "nix-wrapper-modules",
        "type": "github"
      }
    },
    "xwayland-satellite-stable": {
      "flake": false,
      "locked": {
        "lastModified": 1755491097,
        "narHash": "sha256-m+9tUfsmBeF2Gn4HWa6vSITZ4Gz1eA1F5Kh62B0N4oE=",
        "owner": "Supreeeme",
        "repo": "xwayland-satellite",
        "rev": "388d291e82ffbc73be18169d39470f340707edaa",
        "type": "github"
      },
      "original": {
        "owner": "Supreeeme",
        "ref": "v0.7",
        "repo": "xwayland-satellite",
        "type": "github"
      }
    },
    "xwayland-satellite-unstable": {
      "flake": false,
      "locked": {
        "lastModified": 1783895132,
        "narHash": "sha256-Dl0Gvrig3EpE962hzF3ETPhUztlfuRhcmlpd8ioHN54=",
        "owner": "Supreeeme",
        "repo": "xwayland-satellite",
        "rev": "a2b5c635d8c8c99b286967658d0d177044887eb8",
        "type": "github"
      },
      "original": {
        "owner": "Supreeeme",
        "repo": "xwayland-satellite",
        "type": "github"
      }
    }
  },
  "root": "root",
  "version": 7
}
